
Microsoft Visual Studio Solution File, Format Version 11.00
# Visual Studio 2010
Project("{FAE04EC0-301F-11D3-BF4B-00C04F79EFBC}") = "Assembly-CSharp", "Assembly-CSharp.csproj", "{e47452b6-ac1c-0f1f-63ca-35cdfb0de163}"
EndProject
Project("{FAE04EC0-301F-11D3-BF4B-00C04F79EFBC}") = "Assembly-CSharp-Editor", "Assembly-CSharp-Editor.csproj", "{c3acac16-1b6e-fb6a-fd1c-38d85adf9ca1}"
EndProject
Global
	GlobalSection(SolutionConfigurationPlatforms) = preSolution
		Debug|Any CPU = Debug|Any CPU
		Release|Any CPU = Release|Any CPU
	EndGlobalSection
	GlobalSection(ProjectConfigurationPlatforms) = postSolution
		{e47452b6-ac1c-0f1f-63ca-35cdfb0de163}.Debug|Any CPU.ActiveCfg = Debug|Any CPU
		{e47452b6-ac1c-0f1f-63ca-35cdfb0de163}.Debug|Any CPU.Build.0 = Debug|Any CPU
		{e47452b6-ac1c-0f1f-63ca-35cdfb0de163}.Release|Any CPU.ActiveCfg = Release|Any CPU
		{e47452b6-ac1c-0f1f-63ca-35cdfb0de163}.Release|Any CPU.Build.0 = Release|Any CPU
		{c3acac16-1b6e-fb6a-fd1c-38d85adf9ca1}.Debug|Any CPU.ActiveCfg = Debug|Any CPU
		{c3acac16-1b6e-fb6a-fd1c-38d85adf9ca1}.Debug|Any CPU.Build.0 = Debug|Any CPU
		{c3acac16-1b6e-fb6a-fd1c-38d85adf9ca1}.Release|Any CPU.ActiveCfg = Release|Any CPU
		{c3acac16-1b6e-fb6a-fd1c-38d85adf9ca1}.Release|Any CPU.Build.0 = Release|Any CPU
	EndGlobalSection
	GlobalSection(SolutionProperties) = preSolution
		HideSolutionNode = FALSE
	EndGlobalSection
EndGlobal
